{
  "name": "pi-extensions-workspace",
  "lockfileVersion": 3,
  "requires": true,
  "packages": {
    "": {
      "name": "pi-extensions-workspace",
      "workspaces": [
        "shared",
        "answer",
        "plan-md"
      ]
    },
    "answer": {
      "name": "pi-answer",
      "version": "0.1.1",
      "license": "MIT",
      "dependencies": {
        "@siddr/pi-shared-qna": "^0.1.0"
      },
      "peerDependencies": {
        "@mariozechner/pi-ai": "*",
        "@mariozechner/pi-coding-agent": "*",
        "@mariozechner/pi-tui": "*"
      }
    },
    "node_modules/@siddr/pi-shared-qna": {
      "resolved": "shared",
      "link": true
    },
    "node_modules/pi-answer": {
      "resolved": "answer",
      "link": true
    },
    "node_modules/pi-plan-md": {
      "resolved": "plan-md",
      "link": true
    },
    "plan-md": {
      "name": "pi-plan-md",
      "version": "0.1.1",
      "license": "MIT",
      "dependencies": {
        "@siddr/pi-shared-qna": "^0.1.0"
      },
      "peerDependencies": {
        "@mariozechner/pi-agent-core": "*",
        "@mariozechner/pi-ai": "*",
        "@mariozechner/pi-coding-agent": "*",
        "@mariozechner/pi-tui": "*",
        "@sinclair/typebox": "*"
      }
    },
    "shared": {
      "name": "@siddr/pi-shared-qna",
      "version": "0.1.1",
      "license": "MIT",
      "peerDependencies": {
        "@mariozechner/pi-tui": "*"
      }
    }
  }
}
